
Microsoft Visual Studio Solution File, Format Version 12.00
# Visual Studio Version 16
VisualStudioVersion = 16.0.30114.105
MinimumVisualStudioVersion = 10.0.40219.1
Project("{9A19103F-16F7-4668-BE54-9A1E7A4F7556}") = "EnhancedTestApp", "EnhancedTestApp\EnhancedTestApp.csproj", "{FF2842F3-809D-47ED-A25A-5A2C8D693D2C}"
EndProject
Project("{2150E333-8FDC-42A3-9474-1A3956D46DE8}") = "Tests", "Tests", "{7CD81AC4-0C89-4C13-ADAD-14B43F0EF126}"
EndProject
Project("{FAE04EC0-301F-11D3-BF4B-00C04F79EFBC}") = "EnhancedConsole", "Tests\EnhancedConsole\EnhancedConsole.csproj", "{690DA90C-703D-4053-A030-27FDE8C866C6}"
EndProject
Global
	GlobalSection(SolutionConfigurationPlatforms) = preSolution
		Debug|Any CPU = Debug|Any CPU
		Release|Any CPU = Release|Any CPU
	EndGlobalSection
	GlobalSection(ProjectConfigurationPlatforms) = postSolution
		{FF2842F3-809D-47ED-A25A-5A2C8D693D2C}.Debug|Any CPU.ActiveCfg = Debug|Any CPU
		{FF2842F3-809D-47ED-A25A-5A2C8D693D2C}.Debug|Any CPU.Build.0 = Debug|Any CPU
		{FF2842F3-809D-47ED-A25A-5A2C8D693D2C}.Release|Any CPU.ActiveCfg = Release|Any CPU
		{FF2842F3-809D-47ED-A25A-5A2C8D693D2C}.Release|Any CPU.Build.0 = Release|Any CPU
		{690DA90C-703D-4053-A030-27FDE8C866C6}.Debug|Any CPU.ActiveCfg = Debug|Any CPU
		{690DA90C-703D-4053-A030-27FDE8C866C6}.Debug|Any CPU.Build.0 = Debug|Any CPU
		{690DA90C-703D-4053-A030-27FDE8C866C6}.Release|Any CPU.ActiveCfg = Release|Any CPU
		{690DA90C-703D-4053-A030-27FDE8C866C6}.Release|Any CPU.Build.0 = Release|Any CPU
	EndGlobalSection
	GlobalSection(SolutionProperties) = preSolution
		HideSolutionNode = FALSE
	EndGlobalSection
	GlobalSection(NestedProjects) = preSolution
		{690DA90C-703D-4053-A030-27FDE8C866C6} = {7CD81AC4-0C89-4C13-ADAD-14B43F0EF126}
	EndGlobalSection
	GlobalSection(ExtensibilityGlobals) = postSolution
		SolutionGuid = {D753E715-8E15-4498-9D23-7563410EF37B}
	EndGlobalSection
EndGlobal
